
Microsoft Visual Studio Solution File, Format Version 12.00
# Visual Studio Version 16
VisualStudioVersion = 16.0.31205.134
MinimumVisualStudioVersion = 10.0.40219.1
Project("{FAE04EC0-301F-11D3-BF4B-00C04F79EFBC}") = "OdeToFood.Web", "OdeToFood.Web\OdeToFood.Web.csproj", "{00FA31A5-BBB9-4150-BBA5-29A964ABBEF6}"
EndProject
Project("{FAE04EC0-301F-11D3-BF4B-00C04F79EFBC}") = "OdeToFood.Data", "OdeToFood.Data\OdeToFood.Data.csproj", "{51F93D2C-02E4-48A1-9BEF-9F7C7740490C}"
EndProject
Global
	GlobalSection(SolutionConfigurationPlatforms) = preSolution
		Debug|Any CPU = Debug|Any CPU
		Release|Any CPU = Release|Any CPU
	EndGlobalSection
	GlobalSection(ProjectConfigurationPlatforms) = postSolution
		{00FA31A5-BBB9-4150-BBA5-29A964ABBEF6}.Debug|Any CPU.ActiveCfg = Debug|Any CPU
		{00FA31A5-BBB9-4150-BBA5-29A964ABBEF6}.Debug|Any CPU.Build.0 = Debug|Any CPU
		{00FA31A5-BBB9-4150-BBA5-29A964ABBEF6}.Release|Any CPU.ActiveCfg = Release|Any CPU
		{00FA31A5-BBB9-4150-BBA5-29A964ABBEF6}.Release|Any CPU.Build.0 = Release|Any CPU
		{51F93D2C-02E4-48A1-9BEF-9F7C7740490C}.Debug|Any CPU.ActiveCfg = Debug|Any CPU
		{51F93D2C-02E4-48A1-9BEF-9F7C7740490C}.Debug|Any CPU.Build.0 = Debug|Any CPU
		{51F93D2C-02E4-48A1-9BEF-9F7C7740490C}.Release|Any CPU.ActiveCfg = Release|Any CPU
		{51F93D2C-02E4-48A1-9BEF-9F7C7740490C}.Release|Any CPU.Build.0 = Release|Any CPU
	EndGlobalSection
	GlobalSection(SolutionProperties) = preSolution
		HideSolutionNode = FALSE
	EndGlobalSection
	GlobalSection(ExtensibilityGlobals) = postSolution
		SolutionGuid = {1734AB6B-81F7-48A5-9385-30F659123D62}
	EndGlobalSection
EndGlobal
